
Microsoft Visual Studio Solution File, Format Version 12.00
# Visual Studio Version 16
VisualStudioVersion = 16.0.30517.126
MinimumVisualStudioVersion = 10.0.40219.1
Project("{FAE04EC0-301F-11D3-BF4B-00C04F79EFBC}") = "YstbDec", "YstbDec\YstbDec.csproj", "{9AD028C3-D5B3-4BC8-8C06-8D617B877B71}"
EndProject
Project("{FAE04EC0-301F-11D3-BF4B-00C04F79EFBC}") = "Test", "Test\Test.csproj", "{98742D63-9B6C-499B-A00B-50FDCEE3CC17}"
EndProject
Global
	GlobalSection(SolutionConfigurationPlatforms) = preSolution
		Debug|Any CPU = Debug|Any CPU
		Release|Any CPU = Release|Any CPU
	EndGlobalSection
	GlobalSection(ProjectConfigurationPlatforms) = postSolution
		{9AD028C3-D5B3-4BC8-8C06-8D617B877B71}.Debug|Any CPU.ActiveCfg = Debug|Any CPU
		{9AD028C3-D5B3-4BC8-8C06-8D617B877B71}.Debug|Any CPU.Build.0 = Debug|Any CPU
		{9AD028C3-D5B3-4BC8-8C06-8D617B877B71}.Release|Any CPU.ActiveCfg = Release|Any CPU
		{9AD028C3-D5B3-4BC8-8C06-8D617B877B71}.Release|Any CPU.Build.0 = Release|Any CPU
		{98742D63-9B6C-499B-A00B-50FDCEE3CC17}.Debug|Any CPU.ActiveCfg = Debug|Any CPU
		{98742D63-9B6C-499B-A00B-50FDCEE3CC17}.Debug|Any CPU.Build.0 = Debug|Any CPU
		{98742D63-9B6C-499B-A00B-50FDCEE3CC17}.Release|Any CPU.ActiveCfg = Release|Any CPU
		{98742D63-9B6C-499B-A00B-50FDCEE3CC17}.Release|Any CPU.Build.0 = Release|Any CPU
	EndGlobalSection
	GlobalSection(SolutionProperties) = preSolution
		HideSolutionNode = FALSE
	EndGlobalSection
	GlobalSection(ExtensibilityGlobals) = postSolution
		SolutionGuid = {570763A5-8CBB-4CCF-8F37-DB1ABB572415}
	EndGlobalSection
EndGlobal
