
Microsoft Visual Studio Solution File, Format Version 12.00
# Visual Studio Version 16
VisualStudioVersion = 16.0.30517.126
MinimumVisualStudioVersion = 10.0.40219.1
Project("{FAE04EC0-301F-11D3-BF4B-00C04F79EFBC}") = "AquaArc", "AquaArc\AquaArc.csproj", "{954E24C3-199F-4ABC-B859-63D4688E143C}"
EndProject
Project("{FAE04EC0-301F-11D3-BF4B-00C04F79EFBC}") = "TextBin", "TextBin\TextBin.csproj", "{437309C1-B0F0-4226-B7A6-430D0F86A72D}"
EndProject
Global
	GlobalSection(SolutionConfigurationPlatforms) = preSolution
		Debug|Any CPU = Debug|Any CPU
		Debug|x64 = Debug|x64
		Debug|x86 = Debug|x86
		Release|Any CPU = Release|Any CPU
		Release|x64 = Release|x64
		Release|x86 = Release|x86
	EndGlobalSection
	GlobalSection(ProjectConfigurationPlatforms) = postSolution
		{954E24C3-199F-4ABC-B859-63D4688E143C}.Debug|Any CPU.ActiveCfg = Debug|Any CPU
		{954E24C3-199F-4ABC-B859-63D4688E143C}.Debug|Any CPU.Build.0 = Debug|Any CPU
		{954E24C3-199F-4ABC-B859-63D4688E143C}.Debug|x64.ActiveCfg = Debug|Any CPU
		{954E24C3-199F-4ABC-B859-63D4688E143C}.Debug|x64.Build.0 = Debug|Any CPU
		{954E24C3-199F-4ABC-B859-63D4688E143C}.Debug|x86.ActiveCfg = Debug|Any CPU
		{954E24C3-199F-4ABC-B859-63D4688E143C}.Debug|x86.Build.0 = Debug|Any CPU
		{954E24C3-199F-4ABC-B859-63D4688E143C}.Release|Any CPU.ActiveCfg = Release|Any CPU
		{954E24C3-199F-4ABC-B859-63D4688E143C}.Release|Any CPU.Build.0 = Release|Any CPU
		{954E24C3-199F-4ABC-B859-63D4688E143C}.Release|x64.ActiveCfg = Release|Any CPU
		{954E24C3-199F-4ABC-B859-63D4688E143C}.Release|x64.Build.0 = Release|Any CPU
		{954E24C3-199F-4ABC-B859-63D4688E143C}.Release|x86.ActiveCfg = Release|Any CPU
		{954E24C3-199F-4ABC-B859-63D4688E143C}.Release|x86.Build.0 = Release|Any CPU
		{437309C1-B0F0-4226-B7A6-430D0F86A72D}.Debug|Any CPU.ActiveCfg = Debug|Any CPU
		{437309C1-B0F0-4226-B7A6-430D0F86A72D}.Debug|Any CPU.Build.0 = Debug|Any CPU
		{437309C1-B0F0-4226-B7A6-430D0F86A72D}.Debug|x64.ActiveCfg = Debug|Any CPU
		{437309C1-B0F0-4226-B7A6-430D0F86A72D}.Debug|x64.Build.0 = Debug|Any CPU
		{437309C1-B0F0-4226-B7A6-430D0F86A72D}.Debug|x86.ActiveCfg = Debug|Any CPU
		{437309C1-B0F0-4226-B7A6-430D0F86A72D}.Debug|x86.Build.0 = Debug|Any CPU
		{437309C1-B0F0-4226-B7A6-430D0F86A72D}.Release|Any CPU.ActiveCfg = Release|Any CPU
		{437309C1-B0F0-4226-B7A6-430D0F86A72D}.Release|Any CPU.Build.0 = Release|Any CPU
		{437309C1-B0F0-4226-B7A6-430D0F86A72D}.Release|x64.ActiveCfg = Release|Any CPU
		{437309C1-B0F0-4226-B7A6-430D0F86A72D}.Release|x64.Build.0 = Release|Any CPU
		{437309C1-B0F0-4226-B7A6-430D0F86A72D}.Release|x86.ActiveCfg = Release|Any CPU
		{437309C1-B0F0-4226-B7A6-430D0F86A72D}.Release|x86.Build.0 = Release|Any CPU
	EndGlobalSection
	GlobalSection(SolutionProperties) = preSolution
		HideSolutionNode = FALSE
	EndGlobalSection
	GlobalSection(ExtensibilityGlobals) = postSolution
		SolutionGuid = {60EA9F1B-E103-4B73-8AF1-684517D55DC0}
	EndGlobalSection
EndGlobal
